
Microsoft Visual Studio Solution File, Format Version 12.00
# Visual Studio Version 17
VisualStudioVersion = 17.0.31903.59
MinimumVisualStudioVersion = 10.0.40219.1
Project("{FAE04EC0-301F-11D3-BF4B-00C04F79EFBC}") = "AuthenticationService.Tests", "AuthenticationService.Tests\AuthenticationService.Tests.csproj", "{74FE1153-9275-40C9-AC67-58CCF5C199E2}"
EndProject
Global
	GlobalSection(SolutionConfigurationPlatforms) = preSolution
		Debug|Any CPU = Debug|Any CPU
		Release|Any CPU = Release|Any CPU
	EndGlobalSection
	GlobalSection(SolutionProperties) = preSolution
		HideSolutionNode = FALSE
	EndGlobalSection
	GlobalSection(ProjectConfigurationPlatforms) = postSolution
		{74FE1153-9275-40C9-AC67-58CCF5C199E2}.Debug|Any CPU.ActiveCfg = Debug|Any CPU
		{74FE1153-9275-40C9-AC67-58CCF5C199E2}.Debug|Any CPU.Build.0 = Debug|Any CPU
		{74FE1153-9275-40C9-AC67-58CCF5C199E2}.Release|Any CPU.ActiveCfg = Release|Any CPU
		{74FE1153-9275-40C9-AC67-58CCF5C199E2}.Release|Any CPU.Build.0 = Release|Any CPU
	EndGlobalSection
EndGlobal
